
Microsoft Visual Studio Solution File, Format Version 12.00
# Visual Studio 15
VisualStudioVersion = 15.0.28010.2026
MinimumVisualStudioVersion = 10.0.40219.1
Project("{E24C65DC-7377-472B-9ABA-BC803B73C61A}") = "MasterNews", "MasterNews\", "{3F5AB2BD-5663-45F7-9235-2E68F258B4BD}"
	ProjectSection(WebsiteProperties) = preProject
		TargetFrameworkMoniker = ".NETFramework,Version%3Dv4.6.1"
		Debug.AspNetCompiler.VirtualPath = "/localhost_52594"
		Debug.AspNetCompiler.PhysicalPath = "MasterNews\"
		Debug.AspNetCompiler.TargetPath = "PrecompiledWeb\localhost_52594\"
		Debug.AspNetCompiler.Updateable = "true"
		Debug.AspNetCompiler.ForceOverwrite = "true"
		Debug.AspNetCompiler.FixedNames = "false"
		Debug.AspNetCompiler.Debug = "True"
		Release.AspNetCompiler.VirtualPath = "/localhost_52594"
		Release.AspNetCompiler.PhysicalPath = "MasterNews\"
		Release.AspNetCompiler.TargetPath = "PrecompiledWeb\localhost_52594\"
		Release.AspNetCompiler.Updateable = "true"
		Release.AspNetCompiler.ForceOverwrite = "true"
		Release.AspNetCompiler.FixedNames = "false"
		Release.AspNetCompiler.Debug = "False"
		VWDPort = "52594"
		SlnRelativePath = "MasterNews\"
		DefaultWebSiteLanguage = "Visual C#"
	EndProjectSection
EndProject
Global
	GlobalSection(SolutionConfigurationPlatforms) = preSolution
		Debug|Any CPU = Debug|Any CPU
	EndGlobalSection
	GlobalSection(ProjectConfigurationPlatforms) = postSolution
		{3F5AB2BD-5663-45F7-9235-2E68F258B4BD}.Debug|Any CPU.ActiveCfg = Debug|Any CPU
		{3F5AB2BD-5663-45F7-9235-2E68F258B4BD}.Debug|Any CPU.Build.0 = Debug|Any CPU
	EndGlobalSection
	GlobalSection(SolutionProperties) = preSolution
		HideSolutionNode = FALSE
	EndGlobalSection
	GlobalSection(ExtensibilityGlobals) = postSolution
		SolutionGuid = {7114151F-03AA-45AD-8BCE-08207EB184FA}
	EndGlobalSection
EndGlobal
